// !$*UTF8*$!
{
	archiveVersion = 1;
	classes = {
	};
	objectVersion = 46;
	objects = {

/* Begin PBXBuildFile section */
		A4554DC317FDC2BD005780ED /* Foundation.framework in Frameworks */ = {isa = PBXBuildFile; fileRef = A4554DC217FDC2BD005780ED /* Foundation.framework */; };
		A4554DC817FDC2BD005780ED /* FFmpeg.h in CopyFiles */ = {isa = PBXBuildFile; fileRef = A4554DC717FDC2BD005780ED /* FFmpeg.h */; };
		A4554DCA17FDC2BD005780ED /* FFmpeg.m in Sources */ = {isa = PBXBuildFile; fileRef = A4554DC917FDC2BD005780ED /* FFmpeg.m */; };
		A4554DD117FDC2BE005780ED /* XCTest.framework in Frameworks */ = {isa = PBXBuildFile; fileRef = A4554DD017FDC2BD005780ED /* XCTest.framework */; };
		A4554DD217FDC2BE005780ED /* Foundation.framework in Frameworks */ = {isa = PBXBuildFile; fileRef = A4554DC217FDC2BD005780ED /* Foundation.framework */; };
		A4554DD417FDC2BE005780ED /* UIKit.framework in Frameworks */ = {isa = PBXBuildFile; fileRef = A4554DD317FDC2BE005780ED /* UIKit.framework */; };
		A4554DD717FDC2BE005780ED /* libffmpeg-wrapper.a in Frameworks */ = {isa = PBXBuildFile; fileRef = A4554DBF17FDC2BD005780ED /* libffmpeg-wrapper.a */; };
		A4554DDD17FDC2BE005780ED /* InfoPlist.strings in Resources */ = {isa = PBXBuildFile; fileRef = A4554DDB17FDC2BE005780ED /* InfoPlist.strings */; };
		A4554DDF17FDC2BE005780ED /* FFmpegWrapperTests.m in Sources */ = {isa = PBXBuildFile; fileRef = A4554DDE17FDC2BE005780ED /* FFmpegWrapperTests.m */; };
		A49E24B8180EDC5E00C4B589 /* FLVWriter.m in Sources */ = {isa = PBXBuildFile; fileRef = A49E24AD180EDC5E00C4B589 /* FLVWriter.m */; };
		A49E24B9180EDC5E00C4B589 /* NSMutableData+Bytes.m in Sources */ = {isa = PBXBuildFile; fileRef = A49E24AF180EDC5E00C4B589 /* NSMutableData+Bytes.m */; };
		A49E24BA180EDC5E00C4B589 /* NSData+Bytes.m in Sources */ = {isa = PBXBuildFile; fileRef = A49E24B1180EDC5E00C4B589 /* NSData+Bytes.m */; };
		A49E24BB180EDC5E00C4B589 /* FLVHeader.m in Sources */ = {isa = PBXBuildFile; fileRef = A49E24B2180EDC5E00C4B589 /* FLVHeader.m */; };
		A49E24BC180EDC5E00C4B589 /* FLVMetadata.m in Sources */ = {isa = PBXBuildFile; fileRef = A49E24B4180EDC5E00C4B589 /* FLVMetadata.m */; };
		A49E24BD180EDC5E00C4B589 /* FLVTag.m in Sources */ = {isa = PBXBuildFile; fileRef = A49E24B6180EDC5E00C4B589 /* FLVTag.m */; };
		A49E24C1180EDCD300C4B589 /* NSData+Hex.m in Sources */ = {isa = PBXBuildFile; fileRef = A49E24C0180EDCD300C4B589 /* NSData+Hex.m */; };
		A49E24C2180EDD1300C4B589 /* NSMutableData+Bytes.m in Sources */ = {isa = PBXBuildFile; fileRef = A49E24AF180EDC5E00C4B589 /* NSMutableData+Bytes.m */; };
		A49E24C3180EDD1300C4B589 /* NSData+Hex.m in Sources */ = {isa = PBXBuildFile; fileRef = A49E24C0180EDCD300C4B589 /* NSData+Hex.m */; };
		A49E24C4180EDD1300C4B589 /* FLVWriter.m in Sources */ = {isa = PBXBuildFile; fileRef = A49E24AD180EDC5E00C4B589 /* FLVWriter.m */; };
		A49E24C5180EDD1300C4B589 /* NSData+Bytes.m in Sources */ = {isa = PBXBuildFile; fileRef = A49E24B1180EDC5E00C4B589 /* NSData+Bytes.m */; };
		A49E24C6180EDD1300C4B589 /* FLVHeader.m in Sources */ = {isa = PBXBuildFile; fileRef = A49E24B2180EDC5E00C4B589 /* FLVHeader.m */; };
		A49E24C7180EDD1300C4B589 /* FLVMetadata.m in Sources */ = {isa = PBXBuildFile; fileRef = A49E24B4180EDC5E00C4B589 /* FLVMetadata.m */; };
		A49E24C8180EDD1300C4B589 /* FLVTag.m in Sources */ = {isa = PBXBuildFile; fileRef = A49E24B6180EDC5E00C4B589 /* FLVTag.m */; };
		A49E24CB180FF74500C4B589 /* NSMutableData+AMF.m in Sources */ = {isa = PBXBuildFile; fileRef = A49E24CA180FF74500C4B589 /* NSMutableData+AMF.m */; };
		A49E24CC180FF74900C4B589 /* NSMutableData+AMF.m in Sources */ = {isa = PBXBuildFile; fileRef = A49E24CA180FF74500C4B589 /* NSMutableData+AMF.m */; };
		A4AD359F1802FE99002315B2 /* InputStream.m in Sources */ = {isa = PBXBuildFile; fileRef = A4AD359E1802FE99002315B2 /* InputStream.m */; };
		A4AD35A218030386002315B2 /* OutputStream.m in Sources */ = {isa = PBXBuildFile; fileRef = A4AD35A118030386002315B2 /* OutputStream.m */; };
		A4AD35A518041692002315B2 /* InputFile.m in Sources */ = {isa = PBXBuildFile; fileRef = A4AD35A418041692002315B2 /* InputFile.m */; };
		A4AD35A8180423C1002315B2 /* OutputFile.m in Sources */ = {isa = PBXBuildFile; fileRef = A4AD35A7180423C1002315B2 /* OutputFile.m */; };
		A4C3137018057FEA00A670E7 /* librtmp.a in Frameworks */ = {isa = PBXBuildFile; fileRef = A4AD4ADF18057F9A002315B2 /* librtmp.a */; };
		A4C3137118057FEA00A670E7 /* libcrypto.a in Frameworks */ = {isa = PBXBuildFile; fileRef = A4AD4AE018057F9A002315B2 /* libcrypto.a */; };
		A4C3137218057FEA00A670E7 /* libssl.a in Frameworks */ = {isa = PBXBuildFile; fileRef = A4AD4AE118057F9A002315B2 /* libssl.a */; };
		A4E6BEDF1802DEE00029601E /* libavformat.a in Frameworks */ = {isa = PBXBuildFile; fileRef = A4E6BEDE1802DEE00029601E /* libavformat.a */; };
		A4E6BEE11802DF160029601E /* libavutil.a in Frameworks */ = {isa = PBXBuildFile; fileRef = A4E6BEE01802DF160029601E /* libavutil.a */; };
		A4E6BEE31802DF2C0029601E /* libavcodec.a in Frameworks */ = {isa = PBXBuildFile; fileRef = A4E6BEE21802DF2C0029601E /* libavcodec.a */; };
		A4E6BEE61802DF6F0029601E /* libiconv.2.4.0.dylib in Frameworks */ = {isa = PBXBuildFile; fileRef = A4E6BEE41802DF410029601E /* libiconv.2.4.0.dylib */; };
		A4E6BEE81802DF740029601E /* libz.1.2.5.dylib in Frameworks */ = {isa = PBXBuildFile; fileRef = A4E6BEE71802DF740029601E /* libz.1.2.5.dylib */; };
		A4E6BEEB1802EB500029601E /* Transcoder.m in Sources */ = {isa = PBXBuildFile; fileRef = A4E6BEEA1802EB500029601E /* Transcoder.m */; };
		A4E6BEED1802F26D0029601E /* libbz2.1.0.dylib in Frameworks */ = {isa = PBXBuildFile; fileRef = A4E6BEEC1802F26D0029601E /* libbz2.1.0.dylib */; };
/* End PBXBuildFile section */

/* Begin PBXContainerItemProxy section */
		A4554DD517FDC2BE005780ED /* PBXContainerItemProxy */ = {
			isa = PBXContainerItemProxy;
			containerPortal = A4554DB717FDC2BD005780ED /* Project object */;
			proxyType = 1;
			remoteGlobalIDString = A4554DBE17FDC2BD005780ED;
			remoteInfo = "ffmpeg-wrapper";
		};
/* End PBXContainerItemProxy section */

/* Begin PBXCopyFilesBuildPhase section */
		A4554DBD17FDC2BD005780ED /* CopyFiles */ = {
			isa = PBXCopyFilesBuildPhase;
			buildActionMask = 2147483647;
			dstPath = "include/$(PRODUCT_NAME)";
			dstSubfolderSpec = 16;
			files = (
				A4554DC817FDC2BD005780ED /* FFmpeg.h in CopyFiles */,
			);
			runOnlyForDeploymentPostprocessing = 0;
		};
/* End PBXCopyFilesBuildPhase section */

/* Begin PBXFileReference section */
		A4554DBF17FDC2BD005780ED /* libffmpeg-wrapper.a */ = {isa = PBXFileReference; explicitFileType = archive.ar; includeInIndex = 0; path = "libffmpeg-wrapper.a"; sourceTree = BUILT_PRODUCTS_DIR; };
		A4554DC217FDC2BD005780ED /* Foundation.framework */ = {isa = PBXFileReference; lastKnownFileType = wrapper.framework; name = Foundation.framework; path = System/Library/Frameworks/Foundation.framework; sourceTree = SDKROOT; };
		A4554DC617FDC2BD005780ED /* ffmpeg-wrapper-Prefix.pch */ = {isa = PBXFileReference; lastKnownFileType = sourcecode.c.h; path = "ffmpeg-wrapper-Prefix.pch"; sourceTree = "<group>"; };
		A4554DC717FDC2BD005780ED /* FFmpeg.h */ = {isa = PBXFileReference; lastKnownFileType = sourcecode.c.h; path = FFmpeg.h; sourceTree = "<group>"; };
		A4554DC917FDC2BD005780ED /* FFmpeg.m */ = {isa = PBXFileReference; lastKnownFileType = sourcecode.c.objc; path = FFmpeg.m; sourceTree = "<group>"; };
		A4554DCF17FDC2BD005780ED /* ffmpeg-wrapperTests.xctest */ = {isa = PBXFileReference; explicitFileType = wrapper.cfbundle; includeInIndex = 0; path = "ffmpeg-wrapperTests.xctest"; sourceTree = BUILT_PRODUCTS_DIR; };
		A4554DD017FDC2BD005780ED /* XCTest.framework */ = {isa = PBXFileReference; lastKnownFileType = wrapper.framework; name = XCTest.framework; path = Library/Frameworks/XCTest.framework; sourceTree = DEVELOPER_DIR; };
		A4554DD317FDC2BE005780ED /* UIKit.framework */ = {isa = PBXFileReference; lastKnownFileType = wrapper.framework; name = UIKit.framework; path = Library/Frameworks/UIKit.framework; sourceTree = DEVELOPER_DIR; };
		A4554DDA17FDC2BE005780ED /* ffmpeg-wrapperTests-Info.plist */ = {isa = PBXFileReference; lastKnownFileType = text.plist.xml; path = "ffmpeg-wrapperTests-Info.plist"; sourceTree = "<group>"; };
		A4554DDC17FDC2BE005780ED /* en */ = {isa = PBXFileReference; lastKnownFileType = text.plist.strings; name = en; path = en.lproj/InfoPlist.strings; sourceTree = "<group>"; };
		A4554DDE17FDC2BE005780ED /* FFmpegWrapperTests.m */ = {isa = PBXFileReference; lastKnownFileType = sourcecode.c.objc; path = FFmpegWrapperTests.m; sourceTree = "<group>"; };
		A49E24AD180EDC5E00C4B589 /* FLVWriter.m */ = {isa = PBXFileReference; fileEncoding = 4; lastKnownFileType = sourcecode.c.objc; name = FLVWriter.m; path = ../protos/FLVWriter.m; sourceTree = "<group>"; };
		A49E24AE180EDC5E00C4B589 /* FLVWriter.h */ = {isa = PBXFileReference; fileEncoding = 4; lastKnownFileType = sourcecode.c.h; name = FLVWriter.h; path = ../protos/FLVWriter.h; sourceTree = "<group>"; };
		A49E24AF180EDC5E00C4B589 /* NSMutableData+Bytes.m */ = {isa = PBXFileReference; fileEncoding = 4; lastKnownFileType = sourcecode.c.objc; name = "NSMutableData+Bytes.m"; path = "../protos/NSMutableData+Bytes.m"; sourceTree = "<group>"; };
		A49E24B0180EDC5E00C4B589 /* NSData+Bytes.h */ = {isa = PBXFileReference; fileEncoding = 4; lastKnownFileType = sourcecode.c.h; name = "NSData+Bytes.h"; path = "../protos/NSData+Bytes.h"; sourceTree = "<group>"; };
		A49E24B1180EDC5E00C4B589 /* NSData+Bytes.m */ = {isa = PBXFileReference; fileEncoding = 4; lastKnownFileType = sourcecode.c.objc; name = "NSData+Bytes.m"; path = "../protos/NSData+Bytes.m"; sourceTree = "<group>"; };
		A49E24B2180EDC5E00C4B589 /* FLVHeader.m */ = {isa = PBXFileReference; fileEncoding = 4; lastKnownFileType = sourcecode.c.objc; name = FLVHeader.m; path = ../protos/FLVHeader.m; sourceTree = "<group>"; };
		A49E24B3180EDC5E00C4B589 /* FLVMetadata.h */ = {isa = PBXFileReference; fileEncoding = 4; lastKnownFileType = sourcecode.c.h; name = FLVMetadata.h; path = ../protos/FLVMetadata.h; sourceTree = "<group>"; };
		A49E24B4180EDC5E00C4B589 /* FLVMetadata.m */ = {isa = PBXFileReference; fileEncoding = 4; lastKnownFileType = sourcecode.c.objc; name = FLVMetadata.m; path = ../protos/FLVMetadata.m; sourceTree = "<group>"; };
		A49E24B5180EDC5E00C4B589 /* FLVTag.h */ = {isa = PBXFileReference; fileEncoding = 4; lastKnownFileType = sourcecode.c.h; name = FLVTag.h; path = ../protos/FLVTag.h; sourceTree = "<group>"; };
		A49E24B6180EDC5E00C4B589 /* FLVTag.m */ = {isa = PBXFileReference; fileEncoding = 4; lastKnownFileType = sourcecode.c.objc; name = FLVTag.m; path = ../protos/FLVTag.m; sourceTree = "<group>"; };
		A49E24B7180EDC5E00C4B589 /* FLVHeader.h */ = {isa = PBXFileReference; fileEncoding = 4; lastKnownFileType = sourcecode.c.h; name = FLVHeader.h; path = ../protos/FLVHeader.h; sourceTree = "<group>"; };
		A49E24BE180EDCD300C4B589 /* NSMutableData+Bytes.h */ = {isa = PBXFileReference; fileEncoding = 4; lastKnownFileType = sourcecode.c.h; name = "NSMutableData+Bytes.h"; path = "../protos/NSMutableData+Bytes.h"; sourceTree = "<group>"; };
		A49E24BF180EDCD300C4B589 /* NSData+Hex.h */ = {isa = PBXFileReference; fileEncoding = 4; lastKnownFileType = sourcecode.c.h; name = "NSData+Hex.h"; path = "../protos/NSData+Hex.h"; sourceTree = "<group>"; };
		A49E24C0180EDCD300C4B589 /* NSData+Hex.m */ = {isa = PBXFileReference; fileEncoding = 4; lastKnownFileType = sourcecode.c.objc; name = "NSData+Hex.m"; path = "../protos/NSData+Hex.m"; sourceTree = "<group>"; };
		A49E24C9180FF74500C4B589 /* NSMutableData+AMF.h */ = {isa = PBXFileReference; fileEncoding = 4; lastKnownFileType = sourcecode.c.h; name = "NSMutableData+AMF.h"; path = "../protos/NSMutableData+AMF.h"; sourceTree = "<group>"; };
		A49E24CA180FF74500C4B589 /* NSMutableData+AMF.m */ = {isa = PBXFileReference; fileEncoding = 4; lastKnownFileType = sourcecode.c.objc; name = "NSMutableData+AMF.m"; path = "../protos/NSMutableData+AMF.m"; sourceTree = "<group>"; };
		A4AD359D1802FE99002315B2 /* InputStream.h */ = {isa = PBXFileReference; fileEncoding = 4; lastKnownFileType = sourcecode.c.h; path = InputStream.h; sourceTree = "<group>"; };
		A4AD359E1802FE99002315B2 /* InputStream.m */ = {isa = PBXFileReference; fileEncoding = 4; lastKnownFileType = sourcecode.c.objc; path = InputStream.m; sourceTree = "<group>"; };
		A4AD35A018030386002315B2 /* OutputStream.h */ = {isa = PBXFileReference; fileEncoding = 4; lastKnownFileType = sourcecode.c.h; path = OutputStream.h; sourceTree = "<group>"; };
		A4AD35A118030386002315B2 /* OutputStream.m */ = {isa = PBXFileReference; fileEncoding = 4; lastKnownFileType = sourcecode.c.objc; path = OutputStream.m; sourceTree = "<group>"; };
		A4AD35A318041692002315B2 /* InputFile.h */ = {isa = PBXFileReference; fileEncoding = 4; lastKnownFileType = sourcecode.c.h; path = InputFile.h; sourceTree = "<group>"; };
		A4AD35A418041692002315B2 /* InputFile.m */ = {isa = PBXFileReference; fileEncoding = 4; lastKnownFileType = sourcecode.c.objc; path = InputFile.m; sourceTree = "<group>"; };
		A4AD35A6180423C1002315B2 /* OutputFile.h */ = {isa = PBXFileReference; fileEncoding = 4; lastKnownFileType = sourcecode.c.h; path = OutputFile.h; sourceTree = "<group>"; };
		A4AD35A7180423C1002315B2 /* OutputFile.m */ = {isa = PBXFileReference; fileEncoding = 4; lastKnownFileType = sourcecode.c.objc; path = OutputFile.m; sourceTree = "<group>"; };
		A4AD4ADF18057F9A002315B2 /* librtmp.a */ = {isa = PBXFileReference; lastKnownFileType = archive.ar; name = librtmp.a; path = "../librtmp-iOS/lib/librtmp.a"; sourceTree = "<group>"; };
		A4AD4AE018057F9A002315B2 /* libcrypto.a */ = {isa = PBXFileReference; lastKnownFileType = archive.ar; name = libcrypto.a; path = "../librtmp-iOS/lib/libcrypto.a"; sourceTree = "<group>"; };
		A4AD4AE118057F9A002315B2 /* libssl.a */ = {isa = PBXFileReference; lastKnownFileType = archive.ar; name = libssl.a; path = "../librtmp-iOS/lib/libssl.a"; sourceTree = "<group>"; };
		A4E6BEDE1802DEE00029601E /* libavformat.a */ = {isa = PBXFileReference; lastKnownFileType = archive.ar; name = libavformat.a; path = "ffmpeg-iOS/lib/libavformat.a"; sourceTree = "<group>"; };
		A4E6BEE01802DF160029601E /* libavutil.a */ = {isa = PBXFileReference; lastKnownFileType = archive.ar; name = libavutil.a; path = "ffmpeg-iOS/lib/libavutil.a"; sourceTree = "<group>"; };
		A4E6BEE21802DF2C0029601E /* libavcodec.a */ = {isa = PBXFileReference; lastKnownFileType = archive.ar; name = libavcodec.a; path = "ffmpeg-iOS/lib/libavcodec.a"; sourceTree = "<group>"; };
		A4E6BEE41802DF410029601E /* libiconv.2.4.0.dylib */ = {isa = PBXFileReference; lastKnownFileType = "compiled.mach-o.dylib"; name = libiconv.2.4.0.dylib; path = usr/lib/libiconv.2.4.0.dylib; sourceTree = SDKROOT; };
		A4E6BEE71802DF740029601E /* libz.1.2.5.dylib */ = {isa = PBXFileReference; lastKnownFileType = "compiled.mach-o.dylib"; name = libz.1.2.5.dylib; path = usr/lib/libz.1.2.5.dylib; sourceTree = SDKROOT; };
		A4E6BEE91802EB500029601E /* Transcoder.h */ = {isa = PBXFileReference; fileEncoding = 4; lastKnownFileType = sourcecode.c.h; path = Transcoder.h; sourceTree = "<group>"; };
		A4E6BEEA1802EB500029601E /* Transcoder.m */ = {isa = PBXFileReference; fileEncoding = 4; lastKnownFileType = sourcecode.c.objc; path = Transcoder.m; sourceTree = "<group>"; };
		A4E6BEEC1802F26D0029601E /* libbz2.1.0.dylib */ = {isa = PBXFileReference; lastKnownFileType = "compiled.mach-o.dylib"; name = libbz2.1.0.dylib; path = usr/lib/libbz2.1.0.dylib; sourceTree = SDKROOT; };
/* End PBXFileReference section */

/* Begin PBXFrameworksBuildPhase section */
		A4554DBC17FDC2BD005780ED /* Frameworks */ = {
			isa = PBXFrameworksBuildPhase;
			buildActionMask = 2147483647;
			files = (
				A4E6BEE31802DF2C0029601E /* libavcodec.a in Frameworks */,
				A4E6BEE11802DF160029601E /* libavutil.a in Frameworks */,
				A4E6BEDF1802DEE00029601E /* libavformat.a in Frameworks */,
				A4554DC317FDC2BD005780ED /* Foundation.framework in Frameworks */,
			);
			runOnlyForDeploymentPostprocessing = 0;
		};
		A4554DCC17FDC2BD005780ED /* Frameworks */ = {
			isa = PBXFrameworksBuildPhase;
			buildActionMask = 2147483647;
			files = (
				A4C3137018057FEA00A670E7 /* librtmp.a in Frameworks */,
				A4C3137118057FEA00A670E7 /* libcrypto.a in Frameworks */,
				A4C3137218057FEA00A670E7 /* libssl.a in Frameworks */,
				A4E6BEED1802F26D0029601E /* libbz2.1.0.dylib in Frameworks */,
				A4E6BEE81802DF740029601E /* libz.1.2.5.dylib in Frameworks */,
				A4E6BEE61802DF6F0029601E /* libiconv.2.4.0.dylib in Frameworks */,
				A4554DD717FDC2BE005780ED /* libffmpeg-wrapper.a in Frameworks */,
				A4554DD117FDC2BE005780ED /* XCTest.framework in Frameworks */,
				A4554DD417FDC2BE005780ED /* UIKit.framework in Frameworks */,
				A4554DD217FDC2BE005780ED /* Foundation.framework in Frameworks */,
			);
			runOnlyForDeploymentPostprocessing = 0;
		};
/* End PBXFrameworksBuildPhase section */

/* Begin PBXGroup section */
		A4554DB617FDC2BD005780ED = {
			isa = PBXGroup;
			children = (
				A49E24C9180FF74500C4B589 /* NSMutableData+AMF.h */,
				A49E24CA180FF74500C4B589 /* NSMutableData+AMF.m */,
				A49E24BE180EDCD300C4B589 /* NSMutableData+Bytes.h */,
				A49E24AF180EDC5E00C4B589 /* NSMutableData+Bytes.m */,
				A49E24BF180EDCD300C4B589 /* NSData+Hex.h */,
				A49E24C0180EDCD300C4B589 /* NSData+Hex.m */,
				A49E24AD180EDC5E00C4B589 /* FLVWriter.m */,
				A49E24AE180EDC5E00C4B589 /* FLVWriter.h */,
				A49E24B0180EDC5E00C4B589 /* NSData+Bytes.h */,
				A49E24B1180EDC5E00C4B589 /* NSData+Bytes.m */,
				A49E24B3180EDC5E00C4B589 /* FLVMetadata.h */,
				A49E24B4180EDC5E00C4B589 /* FLVMetadata.m */,
				A49E24B5180EDC5E00C4B589 /* FLVTag.h */,
				A49E24B6180EDC5E00C4B589 /* FLVTag.m */,
				A49E24B2180EDC5E00C4B589 /* FLVHeader.m */,
				A49E24B7180EDC5E00C4B589 /* FLVHeader.h */,
				A4554DC417FDC2BD005780ED /* ffmpeg-wrapper */,
				A4554DD817FDC2BE005780ED /* ffmpeg-wrapperTests */,
				A4554DC117FDC2BD005780ED /* Frameworks */,
				A4554DC017FDC2BD005780ED /* Products */,
			);
			sourceTree = "<group>";
		};
		A4554DC017FDC2BD005780ED /* Products */ = {
			isa = PBXGroup;
			children = (
				A4554DBF17FDC2BD005780ED /* libffmpeg-wrapper.a */,
				A4554DCF17FDC2BD005780ED /* ffmpeg-wrapperTests.xctest */,
			);
			name = Products;
			sourceTree = "<group>";
		};
		A4554DC117FDC2BD005780ED /* Frameworks */ = {
			isa = PBXGroup;
			children = (
				A4AD4ADF18057F9A002315B2 /* librtmp.a */,
				A4AD4AE018057F9A002315B2 /* libcrypto.a */,
				A4AD4AE118057F9A002315B2 /* libssl.a */,
				A4E6BEEC1802F26D0029601E /* libbz2.1.0.dylib */,
				A4E6BEE71802DF740029601E /* libz.1.2.5.dylib */,
				A4E6BEE41802DF410029601E /* libiconv.2.4.0.dylib */,
				A4E6BEE21802DF2C0029601E /* libavcodec.a */,
				A4E6BEE01802DF160029601E /* libavutil.a */,
				A4E6BEDE1802DEE00029601E /* libavformat.a */,
				A4554DC217FDC2BD005780ED /* Foundation.framework */,
				A4554DD017FDC2BD005780ED /* XCTest.framework */,
				A4554DD317FDC2BE005780ED /* UIKit.framework */,
			);
			name = Frameworks;
			sourceTree = "<group>";
		};
		A4554DC417FDC2BD005780ED /* ffmpeg-wrapper */ = {
			isa = PBXGroup;
			children = (
				A4554DC517FDC2BD005780ED /* Supporting Files */,
				A4554DC717FDC2BD005780ED /* FFmpeg.h */,
				A4554DC917FDC2BD005780ED /* FFmpeg.m */,
				A4E6BEE91802EB500029601E /* Transcoder.h */,
				A4E6BEEA1802EB500029601E /* Transcoder.m */,
				A4AD359D1802FE99002315B2 /* InputStream.h */,
				A4AD359E1802FE99002315B2 /* InputStream.m */,
				A4AD35A018030386002315B2 /* OutputStream.h */,
				A4AD35A118030386002315B2 /* OutputStream.m */,
				A4AD35A318041692002315B2 /* InputFile.h */,
				A4AD35A418041692002315B2 /* InputFile.m */,
				A4AD35A6180423C1002315B2 /* OutputFile.h */,
				A4AD35A7180423C1002315B2 /* OutputFile.m */,
			);
			path = "ffmpeg-wrapper";
			sourceTree = "<group>";
		};
		A4554DC517FDC2BD005780ED /* Supporting Files */ = {
			isa = PBXGroup;
			children = (
				A4554DC617FDC2BD005780ED /* ffmpeg-wrapper-Prefix.pch */,
			);
			name = "Supporting Files";
			sourceTree = "<group>";
		};
		A4554DD817FDC2BE005780ED /* ffmpeg-wrapperTests */ = {
			isa = PBXGroup;
			children = (
				A4554DDE17FDC2BE005780ED /* FFmpegWrapperTests.m */,
				A4554DD917FDC2BE005780ED /* Supporting Files */,
			);
			path = "ffmpeg-wrapperTests";
			sourceTree = "<group>";
		};
		A4554DD917FDC2BE005780ED /* Supporting Files */ = {
			isa = PBXGroup;
			children = (
				A4554DDA17FDC2BE005780ED /* ffmpeg-wrapperTests-Info.plist */,
				A4554DDB17FDC2BE005780ED /* InfoPlist.strings */,
			);
			name = "Supporting Files";
			sourceTree = "<group>";
		};
/* End PBXGroup section */

/* Begin PBXNativeTarget section */
		A4554DBE17FDC2BD005780ED /* ffmpeg-wrapper */ = {
			isa = PBXNativeTarget;
			buildConfigurationList = A4554DE217FDC2BE005780ED /* Build configuration list for PBXNativeTarget "ffmpeg-wrapper" */;
			buildPhases = (
				A4554DBB17FDC2BD005780ED /* Sources */,
				A4554DBC17FDC2BD005780ED /* Frameworks */,
				A4554DBD17FDC2BD005780ED /* CopyFiles */,
			);
			buildRules = (
			);
			dependencies = (
			);
			name = "ffmpeg-wrapper";
			productName = "ffmpeg-wrapper";
			productReference = A4554DBF17FDC2BD005780ED /* libffmpeg-wrapper.a */;
			productType = "com.apple.product-type.library.static";
		};
		A4554DCE17FDC2BD005780ED /* ffmpeg-wrapperTests */ = {
			isa = PBXNativeTarget;
			buildConfigurationList = A4554DE517FDC2BE005780ED /* Build configuration list for PBXNativeTarget "ffmpeg-wrapperTests" */;
			buildPhases = (
				A4554DCB17FDC2BD005780ED /* Sources */,
				A4554DCC17FDC2BD005780ED /* Frameworks */,
				A4554DCD17FDC2BD005780ED /* Resources */,
			);
			buildRules = (
			);
			dependencies = (
				A4554DD617FDC2BE005780ED /* PBXTargetDependency */,
			);
			name = "ffmpeg-wrapperTests";
			productName = "ffmpeg-wrapperTests";
			productReference = A4554DCF17FDC2BD005780ED /* ffmpeg-wrapperTests.xctest */;
			productType = "com.apple.product-type.bundle.unit-test";
		};
/* End PBXNativeTarget section */

/* Begin PBXProject section */
		A4554DB717FDC2BD005780ED /* Project object */ = {
			isa = PBXProject;
			attributes = {
				LastUpgradeCheck = 0500;
				ORGANIZATIONNAME = "iFactory Lab Limited";
			};
			buildConfigurationList = A4554DBA17FDC2BD005780ED /* Build configuration list for PBXProject "ffmpeg-wrapper" */;
			compatibilityVersion = "Xcode 3.2";
			developmentRegion = English;
			hasScannedForEncodings = 0;
			knownRegions = (
				en,
			);
			mainGroup = A4554DB617FDC2BD005780ED;
			productRefGroup = A4554DC017FDC2BD005780ED /* Products */;
			projectDirPath = "";
			projectRoot = "";
			targets = (
				A4554DBE17FDC2BD005780ED /* ffmpeg-wrapper */,
				A4554DCE17FDC2BD005780ED /* ffmpeg-wrapperTests */,
			);
		};
/* End PBXProject section */

/* Begin PBXResourcesBuildPhase section */
		A4554DCD17FDC2BD005780ED /* Resources */ = {
			isa = PBXResourcesBuildPhase;
			buildActionMask = 2147483647;
			files = (
				A4554DDD17FDC2BE005780ED /* InfoPlist.strings in Resources */,
			);
			runOnlyForDeploymentPostprocessing = 0;
		};
/* End PBXResourcesBuildPhase section */

/* Begin PBXSourcesBuildPhase section */
		A4554DBB17FDC2BD005780ED /* Sources */ = {
			isa = PBXSourcesBuildPhase;
			buildActionMask = 2147483647;
			files = (
				A49E24BA180EDC5E00C4B589 /* NSData+Bytes.m in Sources */,
				A4AD35A8180423C1002315B2 /* OutputFile.m in Sources */,
				A4E6BEEB1802EB500029601E /* Transcoder.m in Sources */,
				A49E24B8180EDC5E00C4B589 /* FLVWriter.m in Sources */,
				A49E24CB180FF74500C4B589 /* NSMutableData+AMF.m in Sources */,
				A49E24BC180EDC5E00C4B589 /* FLVMetadata.m in Sources */,
				A4AD35A218030386002315B2 /* OutputStream.m in Sources */,
				A49E24BB180EDC5E00C4B589 /* FLVHeader.m in Sources */,
				A49E24C1180EDCD300C4B589 /* NSData+Hex.m in Sources */,
				A4AD359F1802FE99002315B2 /* InputStream.m in Sources */,
				A49E24BD180EDC5E00C4B589 /* FLVTag.m in Sources */,
				A49E24B9180EDC5E00C4B589 /* NSMutableData+Bytes.m in Sources */,
				A4AD35A518041692002315B2 /* InputFile.m in Sources */,
				A4554DCA17FDC2BD005780ED /* FFmpeg.m in Sources */,
			);
			runOnlyForDeploymentPostprocessing = 0;
		};
		A4554DCB17FDC2BD005780ED /* Sources */ = {
			isa = PBXSourcesBuildPhase;
			buildActionMask = 2147483647;
			files = (
				A49E24CC180FF74900C4B589 /* NSMutableData+AMF.m in Sources */,
				A49E24C2180EDD1300C4B589 /* NSMutableData+Bytes.m in Sources */,
				A49E24C3180EDD1300C4B589 /* NSData+Hex.m in Sources */,
				A49E24C4180EDD1300C4B589 /* FLVWriter.m in Sources */,
				A49E24C5180EDD1300C4B589 /* NSData+Bytes.m in Sources */,
				A49E24C6180EDD1300C4B589 /* FLVHeader.m in Sources */,
				A49E24C7180EDD1300C4B589 /* FLVMetadata.m in Sources */,
				A49E24C8180EDD1300C4B589 /* FLVTag.m in Sources */,
				A4554DDF17FDC2BE005780ED /* FFmpegWrapperTests.m in Sources */,
			);
			runOnlyForDeploymentPostprocessing = 0;
		};
/* End PBXSourcesBuildPhase section */

/* Begin PBXTargetDependency section */
		A4554DD617FDC2BE005780ED /* PBXTargetDependency */ = {
			isa = PBXTargetDependency;
			target = A4554DBE17FDC2BD005780ED /* ffmpeg-wrapper */;
			targetProxy = A4554DD517FDC2BE005780ED /* PBXContainerItemProxy */;
		};
/* End PBXTargetDependency section */

/* Begin PBXVariantGroup section */
		A4554DDB17FDC2BE005780ED /* InfoPlist.strings */ = {
			isa = PBXVariantGroup;
			children = (
				A4554DDC17FDC2BE005780ED /* en */,
			);
			name = InfoPlist.strings;
			sourceTree = "<group>";
		};
/* End PBXVariantGroup section */

/* Begin XCBuildConfiguration section */
		A4554DE017FDC2BE005780ED /* Debug */ = {
			isa = XCBuildConfiguration;
			buildSettings = {
				ALWAYS_SEARCH_USER_PATHS = NO;
				ARCHS = "$(ARCHS_STANDARD_INCLUDING_64_BIT)";
				CLANG_CXX_LANGUAGE_STANDARD = "gnu++0x";
				CLANG_CXX_LIBRARY = "libc++";
				CLANG_ENABLE_MODULES = YES;
				CLANG_ENABLE_OBJC_ARC = YES;
				CLANG_WARN_BOOL_CONVERSION = YES;
				CLANG_WARN_CONSTANT_CONVERSION = YES;
				CLANG_WARN_DIRECT_OBJC_ISA_USAGE = YES_ERROR;
				CLANG_WARN_EMPTY_BODY = YES;
				CLANG_WARN_ENUM_CONVERSION = YES;
				CLANG_WARN_INT_CONVERSION = YES;
				CLANG_WARN_OBJC_ROOT_CLASS = YES_ERROR;
				CLANG_WARN__DUPLICATE_METHOD_MATCH = YES;
				COPY_PHASE_STRIP = NO;
				GCC_C_LANGUAGE_STANDARD = gnu99;
				GCC_DYNAMIC_NO_PIC = NO;
				GCC_OPTIMIZATION_LEVEL = 0;
				GCC_PREPROCESSOR_DEFINITIONS = (
					"DEBUG=1",
					"$(inherited)",
				);
				GCC_SYMBOLS_PRIVATE_EXTERN = NO;
				GCC_WARN_64_TO_32_BIT_CONVERSION = YES;
				GCC_WARN_ABOUT_RETURN_TYPE = YES_ERROR;
				GCC_WARN_UNDECLARED_SELECTOR = YES;
				GCC_WARN_UNINITIALIZED_AUTOS = YES;
				GCC_WARN_UNUSED_FUNCTION = YES;
				GCC_WARN_UNUSED_VARIABLE = YES;
				IPHONEOS_DEPLOYMENT_TARGET = 7.0;
				ONLY_ACTIVE_ARCH = YES;
				SDKROOT = iphoneos;
			};
			name = Debug;
		};
		A4554DE117FDC2BE005780ED /* Release */ = {
			isa = XCBuildConfiguration;
			buildSettings = {
				ALWAYS_SEARCH_USER_PATHS = NO;
				ARCHS = "$(ARCHS_STANDARD_INCLUDING_64_BIT)";
				CLANG_CXX_LANGUAGE_STANDARD = "gnu++0x";
				CLANG_CXX_LIBRARY = "libc++";
				CLANG_ENABLE_MODULES = YES;
				CLANG_ENABLE_OBJC_ARC = YES;
				CLANG_WARN_BOOL_CONVERSION = YES;
				CLANG_WARN_CONSTANT_CONVERSION = YES;
				CLANG_WARN_DIRECT_OBJC_ISA_USAGE = YES_ERROR;
				CLANG_WARN_EMPTY_BODY = YES;
				CLANG_WARN_ENUM_CONVERSION = YES;
				CLANG_WARN_INT_CONVERSION = YES;
				CLANG_WARN_OBJC_ROOT_CLASS = YES_ERROR;
				CLANG_WARN__DUPLICATE_METHOD_MATCH = YES;
				COPY_PHASE_STRIP = YES;
				ENABLE_NS_ASSERTIONS = NO;
				GCC_C_LANGUAGE_STANDARD = gnu99;
				GCC_WARN_64_TO_32_BIT_CONVERSION = YES;
				GCC_WARN_ABOUT_RETURN_TYPE = YES_ERROR;
				GCC_WARN_UNDECLARED_SELECTOR = YES;
				GCC_WARN_UNINITIALIZED_AUTOS = YES;
				GCC_WARN_UNUSED_FUNCTION = YES;
				GCC_WARN_UNUSED_VARIABLE = YES;
				IPHONEOS_DEPLOYMENT_TARGET = 7.0;
				SDKROOT = iphoneos;
				VALIDATE_PRODUCT = YES;
			};
			name = Release;
		};
		A4554DE317FDC2BE005780ED /* Debug */ = {
			isa = XCBuildConfiguration;
			buildSettings = {
				CLANG_ENABLE_OBJC_ARC = NO;
				DSTROOT = /tmp/ffmpeg_wrapper.dst;
				GCC_PRECOMPILE_PREFIX_HEADER = YES;
				GCC_PREFIX_HEADER = "ffmpeg-wrapper/ffmpeg-wrapper-Prefix.pch";
				HEADER_SEARCH_PATHS = (
					"$(inherited)",
					/Applications/Xcode.app/Contents/Developer/Toolchains/XcodeDefault.xctoolchain/usr/include,
					"ffmpeg-iOS/include",
				);
				LIBRARY_SEARCH_PATHS = (
					"ffmpeg-iOS/lib",
					"/livestation/benchmarks/ffmpeg-wrapper/ffmpeg-iOS/lib",
				);
				OTHER_LDFLAGS = "-ObjC";
				PRODUCT_NAME = "$(TARGET_NAME)";
				SKIP_INSTALL = YES;
			};
			name = Debug;
		};
		A4554DE417FDC2BE005780ED /* Release */ = {
			isa = XCBuildConfiguration;
			buildSettings = {
				CLANG_ENABLE_OBJC_ARC = NO;
				DSTROOT = /tmp/ffmpeg_wrapper.dst;
				GCC_PRECOMPILE_PREFIX_HEADER = YES;
				GCC_PREFIX_HEADER = "ffmpeg-wrapper/ffmpeg-wrapper-Prefix.pch";
				HEADER_SEARCH_PATHS = (
					"$(inherited)",
					/Applications/Xcode.app/Contents/Developer/Toolchains/XcodeDefault.xctoolchain/usr/include,
					"ffmpeg-iOS/include",
				);
				LIBRARY_SEARCH_PATHS = (
					"ffmpeg-iOS/lib",
					"/livestation/benchmarks/ffmpeg-wrapper/ffmpeg-iOS/lib",
				);
				OTHER_LDFLAGS = "-ObjC";
				PRODUCT_NAME = "$(TARGET_NAME)";
				SKIP_INSTALL = YES;
			};
			name = Release;
		};
		A4554DE617FDC2BE005780ED /* Debug */ = {
			isa = XCBuildConfiguration;
			buildSettings = {
				ARCHS = "$(ARCHS_STANDARD_INCLUDING_64_BIT)";
				CLANG_ENABLE_OBJC_ARC = NO;
				FRAMEWORK_SEARCH_PATHS = (
					"$(SDKROOT)/Developer/Library/Frameworks",
					"$(inherited)",
					"$(DEVELOPER_FRAMEWORKS_DIR)",
				);
				GCC_PRECOMPILE_PREFIX_HEADER = YES;
				GCC_PREFIX_HEADER = "ffmpeg-wrapper/ffmpeg-wrapper-Prefix.pch";
				GCC_PREPROCESSOR_DEFINITIONS = (
					"DEBUG=1",
					"$(inherited)",
				);
				HEADER_SEARCH_PATHS = (
					"$(inherited)",
					/Applications/Xcode.app/Contents/Developer/Toolchains/XcodeDefault.xctoolchain/usr/include,
					"/livestation/benchmarks/librtmp-iOS/include",
				);
				INFOPLIST_FILE = "ffmpeg-wrapperTests/ffmpeg-wrapperTests-Info.plist";
				LIBRARY_SEARCH_PATHS = (
					"$(inherited)",
					"/livestation/benchmarks/librtmp-iOS/lib",
				);
				PRODUCT_NAME = "$(TARGET_NAME)";
				WRAPPER_EXTENSION = xctest;
			};
			name = Debug;
		};
		A4554DE717FDC2BE005780ED /* Release */ = {
			isa = XCBuildConfiguration;
			buildSettings = {
				ARCHS = "$(ARCHS_STANDARD_INCLUDING_64_BIT)";
				CLANG_ENABLE_OBJC_ARC = NO;
				FRAMEWORK_SEARCH_PATHS = (
					"$(SDKROOT)/Developer/Library/Frameworks",
					"$(inherited)",
					"$(DEVELOPER_FRAMEWORKS_DIR)",
				);
				GCC_PRECOMPILE_PREFIX_HEADER = YES;
				GCC_PREFIX_HEADER = "ffmpeg-wrapper/ffmpeg-wrapper-Prefix.pch";
				HEADER_SEARCH_PATHS = (
					"$(inherited)",
					/Applications/Xcode.app/Contents/Developer/Toolchains/XcodeDefault.xctoolchain/usr/include,
					"/livestation/benchmarks/librtmp-iOS/include",
				);
				INFOPLIST_FILE = "ffmpeg-wrapperTests/ffmpeg-wrapperTests-Info.plist";
				LIBRARY_SEARCH_PATHS = (
					"$(inherited)",
					"/livestation/benchmarks/librtmp-iOS/lib",
				);
				PRODUCT_NAME = "$(TARGET_NAME)";
				WRAPPER_EXTENSION = xctest;
			};
			name = Release;
		};
/* End XCBuildConfiguration section */

/* Begin XCConfigurationList section */
		A4554DBA17FDC2BD005780ED /* Build configuration list for PBXProject "ffmpeg-wrapper" */ = {
			isa = XCConfigurationList;
			buildConfigurations = (
				A4554DE017FDC2BE005780ED /* Debug */,
				A4554DE117FDC2BE005780ED /* Release */,
			);
			defaultConfigurationIsVisible = 0;
			defaultConfigurationName = Release;
		};
		A4554DE217FDC2BE005780ED /* Build configuration list for PBXNativeTarget "ffmpeg-wrapper" */ = {
			isa = XCConfigurationList;
			buildConfigurations = (
				A4554DE317FDC2BE005780ED /* Debug */,
				A4554DE417FDC2BE005780ED /* Release */,
			);
			defaultConfigurationIsVisible = 0;
			defaultConfigurationName = Release;
		};
		A4554DE517FDC2BE005780ED /* Build configuration list for PBXNativeTarget "ffmpeg-wrapperTests" */ = {
			isa = XCConfigurationList;
			buildConfigurations = (
				A4554DE617FDC2BE005780ED /* Debug */,
				A4554DE717FDC2BE005780ED /* Release */,
			);
			defaultConfigurationIsVisible = 0;
			defaultConfigurationName = Release;
		};
/* End XCConfigurationList section */
	};
	rootObject = A4554DB717FDC2BD005780ED /* Project object */;
}
